<Solution>
  <Folder Name="/FrontEnd/">
    <Project Path="Mango/Mango.csproj" Id="932d8a77-4380-4931-a591-67d0413d8449" />
  </Folder>
  <Folder Name="/Gateway/" />
  <Folder Name="/Integration/" />
  <Folder Name="/Services/">
    <Project Path="Mango.CouponAPI/Mango.CouponAPI.csproj" Id="77c8e2e3-610c-4ee2-994b-bfbf2fd90c9e" />
  </Folder>
</Solution>
